// !$*UTF8*$!
{
	archiveVersion = 1;
	classes = {
	};
	objectVersion = 55;
	objects = {

/* Begin PBXBuildFile section */
		6075CCCE2842190300D378F9 /* AppDelegate.swift in Sources */ = {isa = PBXBuildFile; fileRef = 6075CCCD2842190300D378F9 /* AppDelegate.swift */; };
		6075CCD02842190300D378F9 /* ContentView.swift in Sources */ = {isa = PBXBuildFile; fileRef = 6075CCCF2842190300D378F9 /* ContentView.swift */; };
		6075CCD22842190300D378F9 /* Experience.rcproject in Sources */ = {isa = PBXBuildFile; fileRef = 6075CCD12842190300D378F9 /* Experience.rcproject */; };
		6075CCD42842190400D378F9 /* Assets.xcassets in Resources */ = {isa = PBXBuildFile; fileRef = 6075CCD32842190400D378F9 /* Assets.xcassets */; };
		6075CCD72842190400D378F9 /* Preview Assets.xcassets in Resources */ = {isa = PBXBuildFile; fileRef = 6075CCD62842190400D378F9 /* Preview Assets.xcassets */; };
		6075CCE12842190400D378F9 /* ARKitTestTests.swift in Sources */ = {isa = PBXBuildFile; fileRef = 6075CCE02842190400D378F9 /* ARKitTestTests.swift */; };
		6075CCEB2842190400D378F9 /* ARKitTestUITests.swift in Sources */ = {isa = PBXBuildFile; fileRef = 6075CCEA2842190400D378F9 /* ARKitTestUITests.swift */; };
		6075CCED2842190400D378F9 /* ARKitTestUITestsLaunchTests.swift in Sources */ = {isa = PBXBuildFile; fileRef = 6075CCEC2842190400D378F9 /* ARKitTestUITestsLaunchTests.swift */; };
/* End PBXBuildFile section */

/* Begin PBXContainerItemProxy section */
		6075CCDD2842190400D378F9 /* PBXContainerItemProxy */ = {
			isa = PBXContainerItemProxy;
			containerPortal = 6075CCC22842190300D378F9 /* Project object */;
			proxyType = 1;
			remoteGlobalIDString = 6075CCC92842190300D378F9;
			remoteInfo = ARKitTest;
		};
		6075CCE72842190400D378F9 /* PBXContainerItemProxy */ = {
			isa = PBXContainerItemProxy;
			containerPortal = 6075CCC22842190300D378F9 /* Project object */;
			proxyType = 1;
			remoteGlobalIDString = 6075CCC92842190300D378F9;
			remoteInfo = ARKitTest;
		};
/* End PBXContainerItemProxy section */

/* Begin PBXFileReference section */
		6075CCCA2842190300D378F9 /* ARKitTest.app */ = {isa = PBXFileReference; explicitFileType = wrapper.application; includeInIndex = 0; path = ARKitTest.app; sourceTree = BUILT_PRODUCTS_DIR; };
		6075CCCD2842190300D378F9 /* AppDelegate.swift */ = {isa = PBXFileReference; lastKnownFileType = sourcecode.swift; path = AppDelegate.swift; sourceTree = "<group>"; };
		6075CCCF2842190300D378F9 /* ContentView.swift */ = {isa = PBXFileReference; lastKnownFileType = sourcecode.swift; path = ContentView.swift; sourceTree = "<group>"; };
		6075CCD12842190300D378F9 /* Experience.rcproject */ = {isa = PBXFileReference; lastKnownFileType = file.rcproject; path = Experience.rcproject; sourceTree = "<group>"; };
		6075CCD32842190400D378F9 /* Assets.xcassets */ = {isa = PBXFileReference; lastKnownFileType = folder.assetcatalog; path = Assets.xcassets; sourceTree = "<group>"; };
		6075CCD62842190400D378F9 /* Preview Assets.xcassets */ = {isa = PBXFileReference; lastKnownFileType = folder.assetcatalog; path = "Preview Assets.xcassets"; sourceTree = "<group>"; };
		6075CCDC2842190400D378F9 /* ARKitTestTests.xctest */ = {isa = PBXFileReference; explicitFileType = wrapper.cfbundle; includeInIndex = 0; path = ARKitTestTests.xctest; sourceTree = BUILT_PRODUCTS_DIR; };
		6075CCE02842190400D378F9 /* ARKitTestTests.swift */ = {isa = PBXFileReference; lastKnownFileType = sourcecode.swift; path = ARKitTestTests.swift; sourceTree = "<group>"; };
		6075CCE62842190400D378F9 /* ARKitTestUITests.xctest */ = {isa = PBXFileReference; explicitFileType = wrapper.cfbundle; includeInIndex = 0; path = ARKitTestUITests.xctest; sourceTree = BUILT_PRODUCTS_DIR; };
		6075CCEA2842190400D378F9 /* ARKitTestUITests.swift */ = {isa = PBXFileReference; lastKnownFileType = sourcecode.swift; path = ARKitTestUITests.swift; sourceTree = "<group>"; };
		6075CCEC2842190400D378F9 /* ARKitTestUITestsLaunchTests.swift */ = {isa = PBXFileReference; lastKnownFileType = sourcecode.swift; path = ARKitTestUITestsLaunchTests.swift; sourceTree = "<group>"; };
/* End PBXFileReference section */

/* Begin PBXFrameworksBuildPhase section */
		6075CCC72842190300D378F9 /* Frameworks */ = {
			isa = PBXFrameworksBuildPhase;
			buildActionMask = 2147483647;
			files = (
			);
			runOnlyForDeploymentPostprocessing = 0;
		};
		6075CCD92842190400D378F9 /* Frameworks */ = {
			isa = PBXFrameworksBuildPhase;
			buildActionMask = 2147483647;
			files = (
			);
			runOnlyForDeploymentPostprocessing = 0;
		};
		6075CCE32842190400D378F9 /* Frameworks */ = {
			isa = PBXFrameworksBuildPhase;
			buildActionMask = 2147483647;
			files = (
			);
			runOnlyForDeploymentPostprocessing = 0;
		};
/* End PBXFrameworksBuildPhase section */

/* Begin PBXGroup section */
		6075CCC12842190300D378F9 = {
			isa = PBXGroup;
			children = (
				6075CCCC2842190300D378F9 /* ARKitTest */,
				6075CCDF2842190400D378F9 /* ARKitTestTests */,
				6075CCE92842190400D378F9 /* ARKitTestUITests */,
				6075CCCB2842190300D378F9 /* Products */,
			);
			sourceTree = "<group>";
		};
		6075CCCB2842190300D378F9 /* Products */ = {
			isa = PBXGroup;
			children = (
				6075CCCA2842190300D378F9 /* ARKitTest.app */,
				6075CCDC2842190400D378F9 /* ARKitTestTests.xctest */,
				6075CCE62842190400D378F9 /* ARKitTestUITests.xctest */,
			);
			name = Products;
			sourceTree = "<group>";
		};
		6075CCCC2842190300D378F9 /* ARKitTest */ = {
			isa = PBXGroup;
			children = (
				6075CCCD2842190300D378F9 /* AppDelegate.swift */,
				6075CCCF2842190300D378F9 /* ContentView.swift */,
				6075CCD12842190300D378F9 /* Experience.rcproject */,
				6075CCD32842190400D378F9 /* Assets.xcassets */,
				6075CCD52842190400D378F9 /* Preview Content */,
			);
			path = ARKitTest;
			sourceTree = "<group>";
		};
		6075CCD52842190400D378F9 /* Preview Content */ = {
			isa = PBXGroup;
			children = (
				6075CCD62842190400D378F9 /* Preview Assets.xcassets */,
			);
			path = "Preview Content";
			sourceTree = "<group>";
		};
		6075CCDF2842190400D378F9 /* ARKitTestTests */ = {
			isa = PBXGroup;
			children = (
				6075CCE02842190400D378F9 /* ARKitTestTests.swift */,
			);
			path = ARKitTestTests;
			sourceTree = "<group>";
		};
		6075CCE92842190400D378F9 /* ARKitTestUITests */ = {
			isa = PBXGroup;
			children = (
				6075CCEA2842190400D378F9 /* ARKitTestUITests.swift */,
				6075CCEC2842190400D378F9 /* ARKitTestUITestsLaunchTests.swift */,
			);
			path = ARKitTestUITests;
			sourceTree = "<group>";
		};
/* End PBXGroup section */

/* Begin PBXNativeTarget section */
		6075CCC92842190300D378F9 /* ARKitTest */ = {
			isa = PBXNativeTarget;
			buildConfigurationList = 6075CCF02842190400D378F9 /* Build configuration list for PBXNativeTarget "ARKitTest" */;
			buildPhases = (
				6075CCC62842190300D378F9 /* Sources */,
				6075CCC72842190300D378F9 /* Frameworks */,
				6075CCC82842190300D378F9 /* Resources */,
			);
			buildRules = (
			);
			dependencies = (
			);
			name = ARKitTest;
			productName = ARKitTest;
			productReference = 6075CCCA2842190300D378F9 /* ARKitTest.app */;
			productType = "com.apple.product-type.application";
		};
		6075CCDB2842190400D378F9 /* ARKitTestTests */ = {
			isa = PBXNativeTarget;
			buildConfigurationList = 6075CCF32842190400D378F9 /* Build configuration list for PBXNativeTarget "ARKitTestTests" */;
			buildPhases = (
				6075CCD82842190400D378F9 /* Sources */,
				6075CCD92842190400D378F9 /* Frameworks */,
				6075CCDA2842190400D378F9 /* Resources */,
			);
			buildRules = (
			);
			dependencies = (
				6075CCDE2842190400D378F9 /* PBXTargetDependency */,
			);
			name = ARKitTestTests;
			productName = ARKitTestTests;
			productReference = 6075CCDC2842190400D378F9 /* ARKitTestTests.xctest */;
			productType = "com.apple.product-type.bundle.unit-test";
		};
		6075CCE52842190400D378F9 /* ARKitTestUITests */ = {
			isa = PBXNativeTarget;
			buildConfigurationList = 6075CCF62842190400D378F9 /* Build configuration list for PBXNativeTarget "ARKitTestUITests" */;
			buildPhases = (
				6075CCE22842190400D378F9 /* Sources */,
				6075CCE32842190400D378F9 /* Frameworks */,
				6075CCE42842190400D378F9 /* Resources */,
			);
			buildRules = (
			);
			dependencies = (
				6075CCE82842190400D378F9 /* PBXTargetDependency */,
			);
			name = ARKitTestUITests;
			productName = ARKitTestUITests;
			productReference = 6075CCE62842190400D378F9 /* ARKitTestUITests.xctest */;
			productType = "com.apple.product-type.bundle.ui-testing";
		};
/* End PBXNativeTarget section */

/* Begin PBXProject section */
		6075CCC22842190300D378F9 /* Project object */ = {
			isa = PBXProject;
			attributes = {
				BuildIndependentTargetsInParallel = 1;
				LastSwiftUpdateCheck = 1340;
				LastUpgradeCheck = 1340;
				TargetAttributes = {
					6075CCC92842190300D378F9 = {
						CreatedOnToolsVersion = 13.4;
					};
					6075CCDB2842190400D378F9 = {
						CreatedOnToolsVersion = 13.4;
						TestTargetID = 6075CCC92842190300D378F9;
					};
					6075CCE52842190400D378F9 = {
						CreatedOnToolsVersion = 13.4;
						TestTargetID = 6075CCC92842190300D378F9;
					};
				};
			};
			buildConfigurationList = 6075CCC52842190300D378F9 /* Build configuration list for PBXProject "ARKitTest" */;
			compatibilityVersion = "Xcode 13.0";
			developmentRegion = en;
			hasScannedForEncodings = 0;
			knownRegions = (
				en,
				Base,
			);
			mainGroup = 6075CCC12842190300D378F9;
			productRefGroup = 6075CCCB2842190300D378F9 /* Products */;
			projectDirPath = "";
			projectRoot = "";
			targets = (
				6075CCC92842190300D378F9 /* ARKitTest */,
				6075CCDB2842190400D378F9 /* ARKitTestTests */,
				6075CCE52842190400D378F9 /* ARKitTestUITests */,
			);
		};
/* End PBXProject section */

/* Begin PBXResourcesBuildPhase section */
		6075CCC82842190300D378F9 /* Resources */ = {
			isa = PBXResourcesBuildPhase;
			buildActionMask = 2147483647;
			files = (
				6075CCD72842190400D378F9 /* Preview Assets.xcassets in Resources */,
				6075CCD42842190400D378F9 /* Assets.xcassets in Resources */,
			);
			runOnlyForDeploymentPostprocessing = 0;
		};
		6075CCDA2842190400D378F9 /* Resources */ = {
			isa = PBXResourcesBuildPhase;
			buildActionMask = 2147483647;
			files = (
			);
			runOnlyForDeploymentPostprocessing = 0;
		};
		6075CCE42842190400D378F9 /* Resources */ = {
			isa = PBXResourcesBuildPhase;
			buildActionMask = 2147483647;
			files = (
			);
			runOnlyForDeploymentPostprocessing = 0;
		};
/* End PBXResourcesBuildPhase section */

/* Begin PBXSourcesBuildPhase section */
		6075CCC62842190300D378F9 /* Sources */ = {
			isa = PBXSourcesBuildPhase;
			buildActionMask = 2147483647;
			files = (
				6075CCD02842190300D378F9 /* ContentView.swift in Sources */,
				6075CCCE2842190300D378F9 /* AppDelegate.swift in Sources */,
				6075CCD22842190300D378F9 /* Experience.rcproject in Sources */,
			);
			runOnlyForDeploymentPostprocessing = 0;
		};
		6075CCD82842190400D378F9 /* Sources */ = {
			isa = PBXSourcesBuildPhase;
			buildActionMask = 2147483647;
			files = (
				6075CCE12842190400D378F9 /* ARKitTestTests.swift in Sources */,
			);
			runOnlyForDeploymentPostprocessing = 0;
		};
		6075CCE22842190400D378F9 /* Sources */ = {
			isa = PBXSourcesBuildPhase;
			buildActionMask = 2147483647;
			files = (
				6075CCED2842190400D378F9 /* ARKitTestUITestsLaunchTests.swift in Sources */,
				6075CCEB2842190400D378F9 /* ARKitTestUITests.swift in Sources */,
			);
			runOnlyForDeploymentPostprocessing = 0;
		};
/* End PBXSourcesBuildPhase section */

/* Begin PBXTargetDependency section */
		6075CCDE2842190400D378F9 /* PBXTargetDependency */ = {
			isa = PBXTargetDependency;
			target = 6075CCC92842190300D378F9 /* ARKitTest */;
			targetProxy = 6075CCDD2842190400D378F9 /* PBXContainerItemProxy */;
		};
		6075CCE82842190400D378F9 /* PBXTargetDependency */ = {
			isa = PBXTargetDependency;
			target = 6075CCC92842190300D378F9 /* ARKitTest */;
			targetProxy = 6075CCE72842190400D378F9 /* PBXContainerItemProxy */;
		};
/* End PBXTargetDependency section */

/* Begin XCBuildConfiguration section */
		6075CCEE2842190400D378F9 /* Debug */ = {
			isa = XCBuildConfiguration;
			buildSettings = {
				ALWAYS_SEARCH_USER_PATHS = NO;
				CLANG_ANALYZER_NONNULL = YES;
				CLANG_ANALYZER_NUMBER_OBJECT_CONVERSION = YES_AGGRESSIVE;
				CLANG_CXX_LANGUAGE_STANDARD = "gnu++17";
				CLANG_ENABLE_MODULES = YES;
				CLANG_ENABLE_OBJC_ARC = YES;
				CLANG_ENABLE_OBJC_WEAK = YES;
				CLANG_WARN_BLOCK_CAPTURE_AUTORELEASING = YES;
				CLANG_WARN_BOOL_CONVERSION = YES;
				CLANG_WARN_COMMA = YES;
				CLANG_WARN_CONSTANT_CONVERSION = YES;
				CLANG_WARN_DEPRECATED_OBJC_IMPLEMENTATIONS = YES;
				CLANG_WARN_DIRECT_OBJC_ISA_USAGE = YES_ERROR;
				CLANG_WARN_DOCUMENTATION_COMMENTS = YES;
				CLANG_WARN_EMPTY_BODY = YES;
				CLANG_WARN_ENUM_CONVERSION = YES;
				CLANG_WARN_INFINITE_RECURSION = YES;
				CLANG_WARN_INT_CONVERSION = YES;
				CLANG_WARN_NON_LITERAL_NULL_CONVERSION = YES;
				CLANG_WARN_OBJC_IMPLICIT_RETAIN_SELF = YES;
				CLANG_WARN_OBJC_LITERAL_CONVERSION = YES;
				CLANG_WARN_OBJC_ROOT_CLASS = YES_ERROR;
				CLANG_WARN_QUOTED_INCLUDE_IN_FRAMEWORK_HEADER = YES;
				CLANG_WARN_RANGE_LOOP_ANALYSIS = YES;
				CLANG_WARN_STRICT_PROTOTYPES = YES;
				CLANG_WARN_SUSPICIOUS_MOVE = YES;
				CLANG_WARN_UNGUARDED_AVAILABILITY = YES_AGGRESSIVE;
				CLANG_WARN_UNREACHABLE_CODE = YES;
				CLANG_WARN__DUPLICATE_METHOD_MATCH = YES;
				COPY_PHASE_STRIP = NO;
				DEBUG_INFORMATION_FORMAT = dwarf;
				ENABLE_STRICT_OBJC_MSGSEND = YES;
				ENABLE_TESTABILITY = YES;
				GCC_C_LANGUAGE_STANDARD = gnu11;
				GCC_DYNAMIC_NO_PIC = NO;
				GCC_NO_COMMON_BLOCKS = YES;
				GCC_OPTIMIZATION_LEVEL = 0;
				GCC_PREPROCESSOR_DEFINITIONS = (
					"DEBUG=1",
					"$(inherited)",
				);
				GCC_WARN_64_TO_32_BIT_CONVERSION = YES;
				GCC_WARN_ABOUT_RETURN_TYPE = YES_ERROR;
				GCC_WARN_UNDECLARED_SELECTOR = YES;
				GCC_WARN_UNINITIALIZED_AUTOS = YES_AGGRESSIVE;
				GCC_WARN_UNUSED_FUNCTION = YES;
				GCC_WARN_UNUSED_VARIABLE = YES;
				IPHONEOS_DEPLOYMENT_TARGET = 15.5;
				MTL_ENABLE_DEBUG_INFO = INCLUDE_SOURCE;
				MTL_FAST_MATH = YES;
				ONLY_ACTIVE_ARCH = YES;
				SDKROOT = iphoneos;
				SWIFT_ACTIVE_COMPILATION_CONDITIONS = DEBUG;
				SWIFT_OPTIMIZATION_LEVEL = "-Onone";
			};
			name = Debug;
		};
		6075CCEF2842190400D378F9 /* Release */ = {
			isa = XCBuildConfiguration;
			buildSettings = {
				ALWAYS_SEARCH_USER_PATHS = NO;
				CLANG_ANALYZER_NONNULL = YES;
				CLANG_ANALYZER_NUMBER_OBJECT_CONVERSION = YES_AGGRESSIVE;
				CLANG_CXX_LANGUAGE_STANDARD = "gnu++17";
				CLANG_ENABLE_MODULES = YES;
				CLANG_ENABLE_OBJC_ARC = YES;
				CLANG_ENABLE_OBJC_WEAK = YES;
				CLANG_WARN_BLOCK_CAPTURE_AUTORELEASING = YES;
				CLANG_WARN_BOOL_CONVERSION = YES;
				CLANG_WARN_COMMA = YES;
				CLANG_WARN_CONSTANT_CONVERSION = YES;
				CLANG_WARN_DEPRECATED_OBJC_IMPLEMENTATIONS = YES;
				CLANG_WARN_DIRECT_OBJC_ISA_USAGE = YES_ERROR;
				CLANG_WARN_DOCUMENTATION_COMMENTS = YES;
				CLANG_WARN_EMPTY_BODY = YES;
				CLANG_WARN_ENUM_CONVERSION = YES;
				CLANG_WARN_INFINITE_RECURSION = YES;
				CLANG_WARN_INT_CONVERSION = YES;
				CLANG_WARN_NON_LITERAL_NULL_CONVERSION = YES;
				CLANG_WARN_OBJC_IMPLICIT_RETAIN_SELF = YES;
				CLANG_WARN_OBJC_LITERAL_CONVERSION = YES;
				CLANG_WARN_OBJC_ROOT_CLASS = YES_ERROR;
				CLANG_WARN_QUOTED_INCLUDE_IN_FRAMEWORK_HEADER = YES;
				CLANG_WARN_RANGE_LOOP_ANALYSIS = YES;
				CLANG_WARN_STRICT_PROTOTYPES = YES;
				CLANG_WARN_SUSPICIOUS_MOVE = YES;
				CLANG_WARN_UNGUARDED_AVAILABILITY = YES_AGGRESSIVE;
				CLANG_WARN_UNREACHABLE_CODE = YES;
				CLANG_WARN__DUPLICATE_METHOD_MATCH = YES;
				COPY_PHASE_STRIP = NO;
				DEBUG_INFORMATION_FORMAT = "dwarf-with-dsym";
				ENABLE_NS_ASSERTIONS = NO;
				ENABLE_STRICT_OBJC_MSGSEND = YES;
				GCC_C_LANGUAGE_STANDARD = gnu11;
				GCC_NO_COMMON_BLOCKS = YES;
				GCC_WARN_64_TO_32_BIT_CONVERSION = YES;
				GCC_WARN_ABOUT_RETURN_TYPE = YES_ERROR;
				GCC_WARN_UNDECLARED_SELECTOR = YES;
				GCC_WARN_UNINITIALIZED_AUTOS = YES_AGGRESSIVE;
				GCC_WARN_UNUSED_FUNCTION = YES;
				GCC_WARN_UNUSED_VARIABLE = YES;
				IPHONEOS_DEPLOYMENT_TARGET = 15.5;
				MTL_ENABLE_DEBUG_INFO = NO;
				MTL_FAST_MATH = YES;
				SDKROOT = iphoneos;
				SWIFT_COMPILATION_MODE = wholemodule;
				SWIFT_OPTIMIZATION_LEVEL = "-O";
				VALIDATE_PRODUCT = YES;
			};
			name = Release;
		};
		6075CCF12842190400D378F9 /* Debug */ = {
			isa = XCBuildConfiguration;
			buildSettings = {
				ASSETCATALOG_COMPILER_APPICON_NAME = AppIcon;
				ASSETCATALOG_COMPILER_GLOBAL_ACCENT_COLOR_NAME = AccentColor;
				CODE_SIGN_STYLE = Automatic;
				CURRENT_PROJECT_VERSION = 1;
				DEVELOPMENT_ASSET_PATHS = "\"ARKitTest/Preview Content\"";
				DEVELOPMENT_TEAM = BQ9TA5PGM2;
				ENABLE_PREVIEWS = YES;
				GENERATE_INFOPLIST_FILE = YES;
				INFOPLIST_KEY_NSCameraUsageDescription = "";
				INFOPLIST_KEY_UIApplicationSupportsIndirectInputEvents = YES;
				INFOPLIST_KEY_UILaunchScreen_Generation = YES;
				INFOPLIST_KEY_UIRequiredDeviceCapabilities = arkit;
				INFOPLIST_KEY_UIStatusBarHidden = YES;
				INFOPLIST_KEY_UISupportedInterfaceOrientations_iPad = "UIInterfaceOrientationPortrait UIInterfaceOrientationPortraitUpsideDown UIInterfaceOrientationLandscapeLeft UIInterfaceOrientationLandscapeRight";
				INFOPLIST_KEY_UISupportedInterfaceOrientations_iPhone = "UIInterfaceOrientationPortrait UIInterfaceOrientationLandscapeLeft UIInterfaceOrientationLandscapeRight";
				LD_RUNPATH_SEARCH_PATHS = (
					"$(inherited)",
					"@executable_path/Frameworks",
				);
				MARKETING_VERSION = 1.0;
				PRODUCT_BUNDLE_IDENTIFIER = com.myRecommendation20211017.ARKitTest;
				PRODUCT_NAME = "$(TARGET_NAME)";
				SWIFT_EMIT_LOC_STRINGS = YES;
				SWIFT_VERSION = 5.0;
				TARGETED_DEVICE_FAMILY = "1,2";
			};
			name = Debug;
		};
		6075CCF22842190400D378F9 /* Release */ = {
			isa = XCBuildConfiguration;
			buildSettings = {
				ASSETCATALOG_COMPILER_APPICON_NAME = AppIcon;
				ASSETCATALOG_COMPILER_GLOBAL_ACCENT_COLOR_NAME = AccentColor;
				CODE_SIGN_STYLE = Automatic;
				CURRENT_PROJECT_VERSION = 1;
				DEVELOPMENT_ASSET_PATHS = "\"ARKitTest/Preview Content\"";
				DEVELOPMENT_TEAM = BQ9TA5PGM2;
				ENABLE_PREVIEWS = YES;
				GENERATE_INFOPLIST_FILE = YES;
				INFOPLIST_KEY_NSCameraUsageDescription = "";
				INFOPLIST_KEY_UIApplicationSupportsIndirectInputEvents = YES;
				INFOPLIST_KEY_UILaunchScreen_Generation = YES;
				INFOPLIST_KEY_UIRequiredDeviceCapabilities = arkit;
				INFOPLIST_KEY_UIStatusBarHidden = YES;
				INFOPLIST_KEY_UISupportedInterfaceOrientations_iPad = "UIInterfaceOrientationPortrait UIInterfaceOrientationPortraitUpsideDown UIInterfaceOrientationLandscapeLeft UIInterfaceOrientationLandscapeRight";
				INFOPLIST_KEY_UISupportedInterfaceOrientations_iPhone = "UIInterfaceOrientationPortrait UIInterfaceOrientationLandscapeLeft UIInterfaceOrientationLandscapeRight";
				LD_RUNPATH_SEARCH_PATHS = (
					"$(inherited)",
					"@executable_path/Frameworks",
				);
				MARKETING_VERSION = 1.0;
				PRODUCT_BUNDLE_IDENTIFIER = com.myRecommendation20211017.ARKitTest;
				PRODUCT_NAME = "$(TARGET_NAME)";
				SWIFT_EMIT_LOC_STRINGS = YES;
				SWIFT_VERSION = 5.0;
				TARGETED_DEVICE_FAMILY = "1,2";
			};
			name = Release;
		};
		6075CCF42842190400D378F9 /* Debug */ = {
			isa = XCBuildConfiguration;
			buildSettings = {
				ALWAYS_EMBED_SWIFT_STANDARD_LIBRARIES = YES;
				BUNDLE_LOADER = "$(TEST_HOST)";
				CODE_SIGN_STYLE = Automatic;
				CURRENT_PROJECT_VERSION = 1;
				DEVELOPMENT_TEAM = BQ9TA5PGM2;
				GENERATE_INFOPLIST_FILE = YES;
				IPHONEOS_DEPLOYMENT_TARGET = 15.5;
				MARKETING_VERSION = 1.0;
				PRODUCT_BUNDLE_IDENTIFIER = com.myRecommendation20211017.ARKitTestTests;
				PRODUCT_NAME = "$(TARGET_NAME)";
				SWIFT_EMIT_LOC_STRINGS = NO;
				SWIFT_VERSION = 5.0;
				TARGETED_DEVICE_FAMILY = "1,2";
				TEST_HOST = "$(BUILT_PRODUCTS_DIR)/ARKitTest.app/ARKitTest";
			};
			name = Debug;
		};
		6075CCF52842190400D378F9 /* Release */ = {
			isa = XCBuildConfiguration;
			buildSettings = {
				ALWAYS_EMBED_SWIFT_STANDARD_LIBRARIES = YES;
				BUNDLE_LOADER = "$(TEST_HOST)";
				CODE_SIGN_STYLE = Automatic;
				CURRENT_PROJECT_VERSION = 1;
				DEVELOPMENT_TEAM = BQ9TA5PGM2;
				GENERATE_INFOPLIST_FILE = YES;
				IPHONEOS_DEPLOYMENT_TARGET = 15.5;
				MARKETING_VERSION = 1.0;
				PRODUCT_BUNDLE_IDENTIFIER = com.myRecommendation20211017.ARKitTestTests;
				PRODUCT_NAME = "$(TARGET_NAME)";
				SWIFT_EMIT_LOC_STRINGS = NO;
				SWIFT_VERSION = 5.0;
				TARGETED_DEVICE_FAMILY = "1,2";
				TEST_HOST = "$(BUILT_PRODUCTS_DIR)/ARKitTest.app/ARKitTest";
			};
			name = Release;
		};
		6075CCF72842190400D378F9 /* Debug */ = {
			isa = XCBuildConfiguration;
			buildSettings = {
				ALWAYS_EMBED_SWIFT_STANDARD_LIBRARIES = YES;
				CODE_SIGN_STYLE = Automatic;
				CURRENT_PROJECT_VERSION = 1;
				DEVELOPMENT_TEAM = BQ9TA5PGM2;
				GENERATE_INFOPLIST_FILE = YES;
				MARKETING_VERSION = 1.0;
				PRODUCT_BUNDLE_IDENTIFIER = com.myRecommendation20211017.ARKitTestUITests;
				PRODUCT_NAME = "$(TARGET_NAME)";
				SWIFT_EMIT_LOC_STRINGS = NO;
				SWIFT_VERSION = 5.0;
				TARGETED_DEVICE_FAMILY = "1,2";
				TEST_TARGET_NAME = ARKitTest;
			};
			name = Debug;
		};
		6075CCF82842190400D378F9 /* Release */ = {
			isa = XCBuildConfiguration;
			buildSettings = {
				ALWAYS_EMBED_SWIFT_STANDARD_LIBRARIES = YES;
				CODE_SIGN_STYLE = Automatic;
				CURRENT_PROJECT_VERSION = 1;
				DEVELOPMENT_TEAM = BQ9TA5PGM2;
				GENERATE_INFOPLIST_FILE = YES;
				MARKETING_VERSION = 1.0;
				PRODUCT_BUNDLE_IDENTIFIER = com.myRecommendation20211017.ARKitTestUITests;
				PRODUCT_NAME = "$(TARGET_NAME)";
				SWIFT_EMIT_LOC_STRINGS = NO;
				SWIFT_VERSION = 5.0;
				TARGETED_DEVICE_FAMILY = "1,2";
				TEST_TARGET_NAME = ARKitTest;
			};
			name = Release;
		};
/* End XCBuildConfiguration section */

/* Begin XCConfigurationList section */
		6075CCC52842190300D378F9 /* Build configuration list for PBXProject "ARKitTest" */ = {
			isa = XCConfigurationList;
			buildConfigurations = (
				6075CCEE2842190400D378F9 /* Debug */,
				6075CCEF2842190400D378F9 /* Release */,
			);
			defaultConfigurationIsVisible = 0;
			defaultConfigurationName = Release;
		};
		6075CCF02842190400D378F9 /* Build configuration list for PBXNativeTarget "ARKitTest" */ = {
			isa = XCConfigurationList;
			buildConfigurations = (
				6075CCF12842190400D378F9 /* Debug */,
				6075CCF22842190400D378F9 /* Release */,
			);
			defaultConfigurationIsVisible = 0;
			defaultConfigurationName = Release;
		};
		6075CCF32842190400D378F9 /* Build configuration list for PBXNativeTarget "ARKitTestTests" */ = {
			isa = XCConfigurationList;
			buildConfigurations = (
				6075CCF42842190400D378F9 /* Debug */,
				6075CCF52842190400D378F9 /* Release */,
			);
			defaultConfigurationIsVisible = 0;
			defaultConfigurationName = Release;
		};
		6075CCF62842190400D378F9 /* Build configuration list for PBXNativeTarget "ARKitTestUITests" */ = {
			isa = XCConfigurationList;
			buildConfigurations = (
				6075CCF72842190400D378F9 /* Debug */,
				6075CCF82842190400D378F9 /* Release */,
			);
			defaultConfigurationIsVisible = 0;
			defaultConfigurationName = Release;
		};
/* End XCConfigurationList section */
	};
	rootObject = 6075CCC22842190300D378F9 /* Project object */;
}
